cloud.google.com/go v0.23.0 h1:w1svupRqvZnfjN9+KksMiggoIRQuMzWkVzpxcR96xDs=
cloud.google.com/go v0.23.0/go.mod h1:aQUYkXzVsufM+DwF1aE+0xfcU+56JwCaLick0ClmMTw=
github.com/denisenkom/go-mssqldb v0.0.0-20180416134016-e32faac87a22/go.mod h1:xN/JuLBIz4bjkxNmByTiV1IbhfnYb6oo99phBn4Eqhc=
github.com/denisenkom/go-mssqldb v0.0.0-20180529175057-6024518ba7d5 h1:QybvfFUIJ3gA1W8lbT4F4gPeoNELUz6hbIjK7pdRFYE=
github.com/denisenkom/go-mssqldb v0.0.0-20180529175057-6024518ba7d5/go.mod h1:xN/JuLBIz4bjkxNmByTiV1IbhfnYb6oo99phBn4Eqhc=
github.com/google/go-cmp v0.2.0 h1:+dTQ8DZQJz0Mb/HjFlkptS1FeQ4cWSnN941F8aEG4SQ=
github.com/google/go-cmp v0.2.0/go.mod h1:oXzfMopK8JAjlY9xF4vHSVASa0yLyX7SntLO5aqRK0M=
github.com/google/uuid v0.0.0-20161128191214-064e2069ce9c h1:jWtZjFEUE/Bz0IeIhqCnyZ3HG6KRXSntXe4SjtuTH7c=
github.com/google/uuid v0.0.0-20161128191214-064e2069ce9c/go.mod h1:TIyPZe4MgqvfeYDBFedMoGGpEw/LqOeaOT+nhxU+yHo=
github.com/jasontconnell/conf v1.0.0 h1:JlH49EuO4XMoIEIAs8Jt+7knwkgf/AUOcIj2EGIWkEU=
github.com/jasontconnell/conf v1.0.0/go.mod h1:nWfVYYLqM+8T/yaz+OAYPVUuETD0AtrL9tVnuAw9uK4=
github.com/jasontconnell/conf v1.0.1 h1:/bFrRuruwC1JsB7oQ5GR5A1BE+DXmhTahlu7/fIa9uY=
github.com/jasontconnell/conf v1.0.1/go.mod h1:nWfVYYLqM+8T/yaz+OAYPVUuETD0AtrL9tVnuAw9uK4=
github.com/jasontconnell/refhelp v1.0.0 h1:+Bcnl5Clu27B5n8UQa/QRwaezawmZ8gK2UuIRkEGZw0=
github.com/jasontconnell/refhelp v1.0.0/go.mod h1:GZ1fAMFwPw7b0GR8uJj5OYbEhbO1L1Zk7Dib0ckIPiw=
github.com/jasontconnell/refhelp v1.0.1 h1:QbSA5kz5FW/mdwmy9V28yDZ9Az1kB89EWoMSYlesRmA=
github.com/jasontconnell/refhelp v1.0.1/go.mod h1:GZ1fAMFwPw7b0GR8uJj5OYbEhbO1L1Zk7Dib0ckIPiw=
github.com/jasontconnell/sitecore v1.0.0 h1:6UX/jmU0bTlKrhfqGosoE4chsOY/yjoM+opBJVBvwJE=
github.com/jasontconnell/sitecore v1.0.0/go.mod h1:+GJEcyFFXec7PywQHLit8faFJid2Zdvx/+Td5tUiKD4=
github.com/jasontconnell/sitecore v1.0.5 h1:Rx0bRQ5wO2l/svbwUb7W5AsZ5orhNrPZkBUwmmqAO1I=
github.com/jasontconnell/sitecore v1.0.5/go.mod h1:+GJEcyFFXec7PywQHLit8faFJid2Zdvx/+Td5tUiKD4=
github.com/jasontconnell/sitecore v1.1.1 h1:euK5gLeiSwLA94rjTmrujTLMCZ2pqXJN3Y6pNXerKEY=
github.com/jasontconnell/sitecore v1.1.1/go.mod h1:+GJEcyFFXec7PywQHLit8faFJid2Zdvx/+Td5tUiKD4=
github.com/jasontconnell/sqlhelp v0.0.0-20180429142645-9375c25243c8 h1:caawugElYRa9E5CA/ADQtPQv4fv9sVMnqg9vFWiTKrg=
github.com/jasontconnell/sqlhelp v0.0.0-20180429142645-9375c25243c8/go.mod h1:vNyJYIWMfaEHBynkqzmlVuHlhGoSy9qvQZU47LXeEuk=
github.com/jasontconnell/sqlhelp v1.0.0 h1:pDWe+xPt22XtYwYHjborfK4vmU/i1dcmh0tKJ0A235E=
github.com/jasontconnell/sqlhelp v1.0.0/go.mod h1:vNyJYIWMfaEHBynkqzmlVuHlhGoSy9qvQZU47LXeEuk=
github.com/jasontconnell/utility v1.0.0 h1:FeC9nf/5/Pa7F8KWtqiq6xujlbvHyFN8W97L5I5c398=
github.com/jasontconnell/utility v1.0.0/go.mod h1:ihSj66jd3aNdZMp37yGIX4l6nmCNtYDmksDFQjRIYtM=
golang.org/x/crypto v0.0.0-20180430112654-db7d12313a59/go.mod h1:6SG95UA2DQfeDnfUPMdvaQW0Q7yPrPDi9nlGo2tz2b4=
golang.org/x/crypto v0.0.0-20180527072434-ab813273cd59 h1:hk3yo72LXLapY9EXVttc3Z1rLOxT9IuAPPX3GpY2+jo=
golang.org/x/crypto v0.0.0-20180527072434-ab813273cd59/go.mod h1:6SG95UA2DQfeDnfUPMdvaQW0Q7yPrPDi9nlGo2tz2b4=
