# This file is autogenerated, do not edit; changes may be undone by the next 'dep ensure'.


[[projects]]
  branch = "master"
  name = "github.com/denisenkom/go-mssqldb"
  packages = [
    ".",
    "internal/cp"
  ]
  revision = "c4e5513e46d427e67707ab54c97990301fb56c10"

[[projects]]
  name = "github.com/google/uuid"
  packages = ["."]
  revision = "064e2069ce9c359c118179501254f67d7d37ba24"
  version = "0.2"

[[projects]]
  branch = "master"
  name = "github.com/jasontconnell/conf"
  packages = ["."]
  revision = "246c2addc6bb1dcb9209d6448fcd3d6ce8262483"

[[projects]]
  branch = "master"
  name = "github.com/jasontconnell/refhelp"
  packages = ["."]
  revision = "b28d583a40a06be06fe495b3084310dd7baa427e"

[[projects]]
  branch = "master"
  name = "github.com/jasontconnell/sitecore"
  packages = [
    "api",
    "data"
  ]
  revision = "6d99f2bbe6870589da644329d12be379ebd42bcd"

[[projects]]
  branch = "master"
  name = "github.com/jasontconnell/sqlhelp"
  packages = ["."]
  revision = "9375c25243c8cfb67dac36231d0dee13e01bccfa"

[[projects]]
  branch = "master"
  name = "github.com/jasontconnell/utility"
  packages = ["."]
  revision = "de2b5646569ccca1032f9df70dfc92320ea216d9"

[[projects]]
  branch = "master"
  name = "golang.org/x/crypto"
  packages = ["md4"]
  revision = "ab813273cd59e1333f7ae7bff5d027d4aadf528c"

[solve-meta]
  analyzer-name = "dep"
  analyzer-version = 1
  inputs-digest = "094878634534a5274ba1da7bffa5be5bc8fcd918fd9de296c2f1dcdf2cc74a65"
  solver-name = "gps-cdcl"
  solver-version = 1
